
Microsoft Visual Studio Solution File, Format Version 12.00
# Visual Studio Version 17
VisualStudioVersion = 17.1.32210.238
MinimumVisualStudioVersion = 10.0.40219.1
Project("{FAE04EC0-301F-11D3-BF4B-00C04F79EFBC}") = "C-sharp_Variable_Assignment", "C-sharp_Variable_Assignment\C-sharp_Variable_Assignment.csproj", "{74DD6803-F07E-4C76-95C5-FEA1A544826E}"
EndProject
Global
	GlobalSection(SolutionConfigurationPlatforms) = preSolution
		Debug|Any CPU = Debug|Any CPU
		Release|Any CPU = Release|Any CPU
	EndGlobalSection
	GlobalSection(ProjectConfigurationPlatforms) = postSolution
		{74DD6803-F07E-4C76-95C5-FEA1A544826E}.Debug|Any CPU.ActiveCfg = Debug|Any CPU
		{74DD6803-F07E-4C76-95C5-FEA1A544826E}.Debug|Any CPU.Build.0 = Debug|Any CPU
		{74DD6803-F07E-4C76-95C5-FEA1A544826E}.Release|Any CPU.ActiveCfg = Release|Any CPU
		{74DD6803-F07E-4C76-95C5-FEA1A544826E}.Release|Any CPU.Build.0 = Release|Any CPU
	EndGlobalSection
	GlobalSection(SolutionProperties) = preSolution
		HideSolutionNode = FALSE
	EndGlobalSection
	GlobalSection(ExtensibilityGlobals) = postSolution
		SolutionGuid = {45483ABE-D4A6-4354-9B41-D898FCB3D83E}
	EndGlobalSection
EndGlobal
